
Microsoft Visual Studio Solution File, Format Version 12.00
# Visual Studio Version 16
VisualStudioVersion = 16.0.29920.165
MinimumVisualStudioVersion = 10.0.40219.1
Project("{9A19103F-16F7-4668-BE54-9A1E7A4F7556}") = "UniversRE", "UniversRE.csproj", "{1969027C-A3BF-4657-98F2-BF4C36011BE1}"
EndProject
Project("{9A19103F-16F7-4668-BE54-9A1E7A4F7556}") = "MyLib", "..\MyLib\MyLib.csproj", "{57D57309-89F7-4B5B-95C1-9BD3DD42CDAB}"
EndProject
Project("{9A19103F-16F7-4668-BE54-9A1E7A4F7556}") = "Test", "..\Test\Test.csproj", "{B134A6F5-CD57-4711-910E-D2AFC7F41DDF}"
EndProject
Project("{54435603-DBB4-11D2-8724-00A0C9A8B90C}") = "ApplicationSetup", "..\ApplicationSetup\ApplicationSetup.vdproj", "{F26C659A-A99F-45B6-BF0F-3D3DE226582A}"
EndProject
Global
	GlobalSection(SolutionConfigurationPlatforms) = preSolution
		Debug|Any CPU = Debug|Any CPU
		Release|Any CPU = Release|Any CPU
	EndGlobalSection
	GlobalSection(ProjectConfigurationPlatforms) = postSolution
		{1969027C-A3BF-4657-98F2-BF4C36011BE1}.Debug|Any CPU.ActiveCfg = Debug|Any CPU
		{1969027C-A3BF-4657-98F2-BF4C36011BE1}.Debug|Any CPU.Build.0 = Debug|Any CPU
		{1969027C-A3BF-4657-98F2-BF4C36011BE1}.Release|Any CPU.ActiveCfg = Release|Any CPU
		{1969027C-A3BF-4657-98F2-BF4C36011BE1}.Release|Any CPU.Build.0 = Release|Any CPU
		{57D57309-89F7-4B5B-95C1-9BD3DD42CDAB}.Debug|Any CPU.ActiveCfg = Debug|Any CPU
		{57D57309-89F7-4B5B-95C1-9BD3DD42CDAB}.Debug|Any CPU.Build.0 = Debug|Any CPU
		{57D57309-89F7-4B5B-95C1-9BD3DD42CDAB}.Release|Any CPU.ActiveCfg = Release|Any CPU
		{57D57309-89F7-4B5B-95C1-9BD3DD42CDAB}.Release|Any CPU.Build.0 = Release|Any CPU
		{B134A6F5-CD57-4711-910E-D2AFC7F41DDF}.Debug|Any CPU.ActiveCfg = Debug|Any CPU
		{B134A6F5-CD57-4711-910E-D2AFC7F41DDF}.Debug|Any CPU.Build.0 = Debug|Any CPU
		{B134A6F5-CD57-4711-910E-D2AFC7F41DDF}.Release|Any CPU.ActiveCfg = Release|Any CPU
		{B134A6F5-CD57-4711-910E-D2AFC7F41DDF}.Release|Any CPU.Build.0 = Release|Any CPU
		{F26C659A-A99F-45B6-BF0F-3D3DE226582A}.Debug|Any CPU.ActiveCfg = Debug
		{F26C659A-A99F-45B6-BF0F-3D3DE226582A}.Release|Any CPU.ActiveCfg = Release
	EndGlobalSection
	GlobalSection(SolutionProperties) = preSolution
		HideSolutionNode = FALSE
	EndGlobalSection
	GlobalSection(ExtensibilityGlobals) = postSolution
		SolutionGuid = {E0186A7E-1D09-4ABB-9F4C-FE3CBA95D39F}
	EndGlobalSection
EndGlobal
