
Microsoft Visual Studio Solution File, Format Version 12.00
# Visual Studio Version 16
VisualStudioVersion = 16.0.29920.165
MinimumVisualStudioVersion = 10.0.40219.1
Project("{9A19103F-16F7-4668-BE54-9A1E7A4F7556}") = "UniversRE", "UniversRE.csproj", "{1969027C-A3BF-4657-98F2-BF4C36011BE1}"
EndProject
Project("{9A19103F-16F7-4668-BE54-9A1E7A4F7556}") = "MyLib", "..\MyLib\MyLib.csproj", "{57D57309-89F7-4B5B-95C1-9BD3DD42CDAB}"
EndProject
Project("{9A19103F-16F7-4668-BE54-9A1E7A4F7556}") = "DataContractPersistance", "..\DataContractPersistance\DataContractPersistance.csproj", "{DB403451-523E-4B36-9F4C-566141F959A0}"
EndProject
Project("{9A19103F-16F7-4668-BE54-9A1E7A4F7556}") = "Stub", "..\Stub\Stub.csproj", "{DD7FB561-7E48-48DD-B430-2896DFAF2D3D}"
EndProject
Project("{9A19103F-16F7-4668-BE54-9A1E7A4F7556}") = "Test", "..\..\branches\brouillon_de_test\Test\Test.csproj", "{50617AA7-1E4C-4421-841B-9FFB46A7EA35}"
EndProject
Project("{54435603-DBB4-11D2-8724-00A0C9A8B90C}") = "Univers RE Setup", "..\..\branches\brouillon_de_test\Setup1\Setup1.vdproj", "{937E546D-5157-4C99-AA9A-132E4383FF89}"
EndProject
Global
	GlobalSection(SolutionConfigurationPlatforms) = preSolution
		Debug|Any CPU = Debug|Any CPU
		Release|Any CPU = Release|Any CPU
	EndGlobalSection
	GlobalSection(ProjectConfigurationPlatforms) = postSolution
		{1969027C-A3BF-4657-98F2-BF4C36011BE1}.Debug|Any CPU.ActiveCfg = Debug|Any CPU
		{1969027C-A3BF-4657-98F2-BF4C36011BE1}.Debug|Any CPU.Build.0 = Debug|Any CPU
		{1969027C-A3BF-4657-98F2-BF4C36011BE1}.Release|Any CPU.ActiveCfg = Release|Any CPU
		{1969027C-A3BF-4657-98F2-BF4C36011BE1}.Release|Any CPU.Build.0 = Release|Any CPU
		{57D57309-89F7-4B5B-95C1-9BD3DD42CDAB}.Debug|Any CPU.ActiveCfg = Debug|Any CPU
		{57D57309-89F7-4B5B-95C1-9BD3DD42CDAB}.Debug|Any CPU.Build.0 = Debug|Any CPU
		{57D57309-89F7-4B5B-95C1-9BD3DD42CDAB}.Release|Any CPU.ActiveCfg = Release|Any CPU
		{57D57309-89F7-4B5B-95C1-9BD3DD42CDAB}.Release|Any CPU.Build.0 = Release|Any CPU
		{DB403451-523E-4B36-9F4C-566141F959A0}.Debug|Any CPU.ActiveCfg = Debug|Any CPU
		{DB403451-523E-4B36-9F4C-566141F959A0}.Debug|Any CPU.Build.0 = Debug|Any CPU
		{DB403451-523E-4B36-9F4C-566141F959A0}.Release|Any CPU.ActiveCfg = Release|Any CPU
		{DB403451-523E-4B36-9F4C-566141F959A0}.Release|Any CPU.Build.0 = Release|Any CPU
		{DD7FB561-7E48-48DD-B430-2896DFAF2D3D}.Debug|Any CPU.ActiveCfg = Debug|Any CPU
		{DD7FB561-7E48-48DD-B430-2896DFAF2D3D}.Debug|Any CPU.Build.0 = Debug|Any CPU
		{DD7FB561-7E48-48DD-B430-2896DFAF2D3D}.Release|Any CPU.ActiveCfg = Release|Any CPU
		{DD7FB561-7E48-48DD-B430-2896DFAF2D3D}.Release|Any CPU.Build.0 = Release|Any CPU
		{50617AA7-1E4C-4421-841B-9FFB46A7EA35}.Debug|Any CPU.ActiveCfg = Debug|Any CPU
		{50617AA7-1E4C-4421-841B-9FFB46A7EA35}.Debug|Any CPU.Build.0 = Debug|Any CPU
		{50617AA7-1E4C-4421-841B-9FFB46A7EA35}.Release|Any CPU.ActiveCfg = Release|Any CPU
		{50617AA7-1E4C-4421-841B-9FFB46A7EA35}.Release|Any CPU.Build.0 = Release|Any CPU
		{937E546D-5157-4C99-AA9A-132E4383FF89}.Debug|Any CPU.ActiveCfg = Debug
		{937E546D-5157-4C99-AA9A-132E4383FF89}.Debug|Any CPU.Build.0 = Debug
		{937E546D-5157-4C99-AA9A-132E4383FF89}.Release|Any CPU.ActiveCfg = Release
		{937E546D-5157-4C99-AA9A-132E4383FF89}.Release|Any CPU.Build.0 = Release
	EndGlobalSection
	GlobalSection(SolutionProperties) = preSolution
		HideSolutionNode = FALSE
	EndGlobalSection
	GlobalSection(ExtensibilityGlobals) = postSolution
		SolutionGuid = {E0186A7E-1D09-4ABB-9F4C-FE3CBA95D39F}
	EndGlobalSection
EndGlobal
